// !$*UTF8*$!
{
	archiveVersion = 1;
	classes = {
	};
	objectVersion = 46;
	objects = {

/* Begin PBXBuildFile section */
		CE0B1F3C19ED626E00190DDE /* footer_lodyas.png in Resources */ = {isa = PBXBuildFile; fileRef = CE0B1F3B19ED626E00190DDE /* footer_lodyas.png */; };
		CE0B1F3E19ED644100190DDE /* clouds.jpg in Resources */ = {isa = PBXBuildFile; fileRef = CE0B1F3D19ED644100190DDE /* clouds.jpg */; };
		CE0B1F4119ED83F700190DDE /* ManagementViewController.m in Sources */ = {isa = PBXBuildFile; fileRef = CE0B1F4019ED83F700190DDE /* ManagementViewController.m */; };
		CE0B1F4719ED9BB800190DDE /* PendingOrdersViewController.m in Sources */ = {isa = PBXBuildFile; fileRef = CE0B1F4619ED9BB800190DDE /* PendingOrdersViewController.m */; };
		CE0B1F4A19EDA06600190DDE /* PendingOrderCollectionViewCell.m in Sources */ = {isa = PBXBuildFile; fileRef = CE0B1F4919EDA06600190DDE /* PendingOrderCollectionViewCell.m */; };
		CE249CC119F251450084861B /* CreatBookingViewController.m in Sources */ = {isa = PBXBuildFile; fileRef = CE249CC019F251450084861B /* CreatBookingViewController.m */; };
		CE249CD919F2A6090084861B /* PNBar.m in Sources */ = {isa = PBXBuildFile; fileRef = CE249CC419F2A6090084861B /* PNBar.m */; };
		CE249CDA19F2A6090084861B /* PNBarChart.m in Sources */ = {isa = PBXBuildFile; fileRef = CE249CC619F2A6090084861B /* PNBarChart.m */; };
		CE249CDB19F2A6090084861B /* PNChartLabel.m in Sources */ = {isa = PBXBuildFile; fileRef = CE249CCA19F2A6090084861B /* PNChartLabel.m */; };
		CE249CDC19F2A6090084861B /* PNCircleChart.m in Sources */ = {isa = PBXBuildFile; fileRef = CE249CCC19F2A6090084861B /* PNCircleChart.m */; };
		CE249CDD19F2A6090084861B /* PNColor.m in Sources */ = {isa = PBXBuildFile; fileRef = CE249CCE19F2A6090084861B /* PNColor.m */; };
		CE249CDE19F2A6090084861B /* PNLineChart.m in Sources */ = {isa = PBXBuildFile; fileRef = CE249CD019F2A6090084861B /* PNLineChart.m */; };
		CE249CDF19F2A6090084861B /* PNLineChartData.m in Sources */ = {isa = PBXBuildFile; fileRef = CE249CD219F2A6090084861B /* PNLineChartData.m */; };
		CE249CE019F2A6090084861B /* PNLineChartDataItem.m in Sources */ = {isa = PBXBuildFile; fileRef = CE249CD419F2A6090084861B /* PNLineChartDataItem.m */; };
		CE249CE119F2A6090084861B /* PNPieChart.m in Sources */ = {isa = PBXBuildFile; fileRef = CE249CD619F2A6090084861B /* PNPieChart.m */; };
		CE249CE219F2A6090084861B /* PNPieChartDataItem.m in Sources */ = {isa = PBXBuildFile; fileRef = CE249CD819F2A6090084861B /* PNPieChartDataItem.m */; };
		CE249CE519F2A6300084861B /* ReportViewController.m in Sources */ = {isa = PBXBuildFile; fileRef = CE249CE419F2A6300084861B /* ReportViewController.m */; };
		CE249CE819F2A72F0084861B /* UICountingLabel.m in Sources */ = {isa = PBXBuildFile; fileRef = CE249CE719F2A72F0084861B /* UICountingLabel.m */; };
		CE249CED19F375890084861B /* TableSelectViewController.m in Sources */ = {isa = PBXBuildFile; fileRef = CE249CEC19F375890084861B /* TableSelectViewController.m */; };
		CE7FF9FB19EE8351004E11E6 /* CustomerViewController.m in Sources */ = {isa = PBXBuildFile; fileRef = CE7FF9FA19EE8351004E11E6 /* CustomerViewController.m */; };
		CE7FF9FD19EE8435004E11E6 /* QuartzCore.framework in Frameworks */ = {isa = PBXBuildFile; fileRef = CE7FF9FC19EE8435004E11E6 /* QuartzCore.framework */; };
		CE7FF9FF19EE9090004E11E6 /* plus.png in Resources */ = {isa = PBXBuildFile; fileRef = CE7FF9FE19EE9090004E11E6 /* plus.png */; };
		CE7FFA0519EE955F004E11E6 /* VBFDoubleSegment.m in Sources */ = {isa = PBXBuildFile; fileRef = CE7FFA0219EE955F004E11E6 /* VBFDoubleSegment.m */; };
		CE7FFA0619EE955F004E11E6 /* VBFPopFlatButton.m in Sources */ = {isa = PBXBuildFile; fileRef = CE7FFA0419EE955F004E11E6 /* VBFPopFlatButton.m */; };
		CE7FFA8819EE97B9004E11E6 /* POPAnimatableProperty.mm in Sources */ = {isa = PBXBuildFile; fileRef = CE7FFA5719EE97B9004E11E6 /* POPAnimatableProperty.mm */; };
		CE7FFA8919EE97B9004E11E6 /* POPAnimation.mm in Sources */ = {isa = PBXBuildFile; fileRef = CE7FFA5919EE97B9004E11E6 /* POPAnimation.mm */; };
		CE7FFA8A19EE97B9004E11E6 /* POPAnimationEvent.mm in Sources */ = {isa = PBXBuildFile; fileRef = CE7FFA5B19EE97B9004E11E6 /* POPAnimationEvent.mm */; };
		CE7FFA8B19EE97B9004E11E6 /* POPAnimationExtras.mm in Sources */ = {isa = PBXBuildFile; fileRef = CE7FFA5E19EE97B9004E11E6 /* POPAnimationExtras.mm */; };
		CE7FFA8C19EE97B9004E11E6 /* POPAnimationRuntime.mm in Sources */ = {isa = PBXBuildFile; fileRef = CE7FFA6219EE97B9004E11E6 /* POPAnimationRuntime.mm */; };
		CE7FFA8D19EE97B9004E11E6 /* POPAnimationTracer.mm in Sources */ = {isa = PBXBuildFile; fileRef = CE7FFA6419EE97B9004E11E6 /* POPAnimationTracer.mm */; };
		CE7FFA8E19EE97B9004E11E6 /* POPAnimator.mm in Sources */ = {isa = PBXBuildFile; fileRef = CE7FFA6719EE97B9004E11E6 /* POPAnimator.mm */; };
		CE7FFA8F19EE97B9004E11E6 /* POPBasicAnimation.mm in Sources */ = {isa = PBXBuildFile; fileRef = CE7FFA6A19EE97B9004E11E6 /* POPBasicAnimation.mm */; };
		CE7FFA9019EE97B9004E11E6 /* POPCGUtils.mm in Sources */ = {isa = PBXBuildFile; fileRef = CE7FFA6D19EE97B9004E11E6 /* POPCGUtils.mm */; };
		CE7FFA9119EE97B9004E11E6 /* POPCustomAnimation.mm in Sources */ = {isa = PBXBuildFile; fileRef = CE7FFA6F19EE97B9004E11E6 /* POPCustomAnimation.mm */; };
		CE7FFA9219EE97B9004E11E6 /* POPDecayAnimation.mm in Sources */ = {isa = PBXBuildFile; fileRef = CE7FFA7119EE97B9004E11E6 /* POPDecayAnimation.mm */; };
		CE7FFA9319EE97B9004E11E6 /* POPGeometry.mm in Sources */ = {isa = PBXBuildFile; fileRef = CE7FFA7519EE97B9004E11E6 /* POPGeometry.mm */; };
		CE7FFA9419EE97B9004E11E6 /* POPLayerExtras.mm in Sources */ = {isa = PBXBuildFile; fileRef = CE7FFA7719EE97B9004E11E6 /* POPLayerExtras.mm */; };
		CE7FFA9519EE97B9004E11E6 /* POPMath.mm in Sources */ = {isa = PBXBuildFile; fileRef = CE7FFA7919EE97B9004E11E6 /* POPMath.mm */; };
		CE7FFA9619EE97B9004E11E6 /* POPPropertyAnimation.mm in Sources */ = {isa = PBXBuildFile; fileRef = CE7FFA7B19EE97B9004E11E6 /* POPPropertyAnimation.mm */; };
		CE7FFA9719EE97B9004E11E6 /* POPSpringAnimation.mm in Sources */ = {isa = PBXBuildFile; fileRef = CE7FFA7E19EE97B9004E11E6 /* POPSpringAnimation.mm */; };
		CE7FFA9819EE97B9004E11E6 /* POPVector.mm in Sources */ = {isa = PBXBuildFile; fileRef = CE7FFA8219EE97B9004E11E6 /* POPVector.mm */; };
		CE7FFA9919EE97B9004E11E6 /* TransformationMatrix.cpp in Sources */ = {isa = PBXBuildFile; fileRef = CE7FFA8519EE97B9004E11E6 /* TransformationMatrix.cpp */; };
		CE7FFA9B19EE97ED004E11E6 /* libstdc++.dylib in Frameworks */ = {isa = PBXBuildFile; fileRef = CE7FFA9A19EE97ED004E11E6 /* libstdc++.dylib */; };
		CE7FFAA019EED5DC004E11E6 /* CustomerFormViewController.m in Sources */ = {isa = PBXBuildFile; fileRef = CE7FFA9F19EED5DC004E11E6 /* CustomerFormViewController.m */; };
		CE7FFAA319EF1B4A004E11E6 /* StockViewController.m in Sources */ = {isa = PBXBuildFile; fileRef = CE7FFAA219EF1B4A004E11E6 /* StockViewController.m */; };
		CE7FFAA719EF1CC1004E11E6 /* StockTableViewCell.m in Sources */ = {isa = PBXBuildFile; fileRef = CE7FFAA619EF1CC1004E11E6 /* StockTableViewCell.m */; };
		CE7FFAAA19F01AEB004E11E6 /* ProfileViewController.m in Sources */ = {isa = PBXBuildFile; fileRef = CE7FFAA919F01AEB004E11E6 /* ProfileViewController.m */; };
		CE8D1FF419B478D10087FC6E /* TabViewController.m in Sources */ = {isa = PBXBuildFile; fileRef = CE8D1FF319B478D10087FC6E /* TabViewController.m */; };
		CE8D1FF519B478D10087FC6E /* TabViewController.m in Sources */ = {isa = PBXBuildFile; fileRef = CE8D1FF319B478D10087FC6E /* TabViewController.m */; };
		CE8D1FF819B479A40087FC6E /* LoginViewController.m in Sources */ = {isa = PBXBuildFile; fileRef = CE8D1FF719B479A40087FC6E /* LoginViewController.m */; };
		CE8D1FF919B479A40087FC6E /* LoginViewController.m in Sources */ = {isa = PBXBuildFile; fileRef = CE8D1FF719B479A40087FC6E /* LoginViewController.m */; };
		CE8D1FFC19B484550087FC6E /* DatabaseHelper.m in Sources */ = {isa = PBXBuildFile; fileRef = CE8D1FFB19B484550087FC6E /* DatabaseHelper.m */; };
		CE8D1FFD19B484550087FC6E /* DatabaseHelper.m in Sources */ = {isa = PBXBuildFile; fileRef = CE8D1FFB19B484550087FC6E /* DatabaseHelper.m */; };
		CE8D1FFF19B4A67A0087FC6E /* libsqlite3.dylib in Frameworks */ = {isa = PBXBuildFile; fileRef = CE8D1FFE19B4A67A0087FC6E /* libsqlite3.dylib */; };
		CE8D200219B66E5C0087FC6E /* UserViewController.m in Sources */ = {isa = PBXBuildFile; fileRef = CE8D200119B66E5C0087FC6E /* UserViewController.m */; };
		CE8D200C19B689F40087FC6E /* 19.jpg in Resources */ = {isa = PBXBuildFile; fileRef = CE8D200B19B689F40087FC6E /* 19.jpg */; };
		CE8D200F19B6936D0087FC6E /* edit_user-32.png in Resources */ = {isa = PBXBuildFile; fileRef = CE8D200E19B6936D0087FC6E /* edit_user-32.png */; };
		CE9B953219BCF5A10076293E /* BookingViewController.m in Sources */ = {isa = PBXBuildFile; fileRef = CE9B953119BCF5A10076293E /* BookingViewController.m */; };
		CEBA237319B46D6F00436F01 /* Foundation.framework in Frameworks */ = {isa = PBXBuildFile; fileRef = CEBA237219B46D6F00436F01 /* Foundation.framework */; };
		CEBA237519B46D6F00436F01 /* CoreGraphics.framework in Frameworks */ = {isa = PBXBuildFile; fileRef = CEBA237419B46D6F00436F01 /* CoreGraphics.framework */; };
		CEBA237719B46D6F00436F01 /* UIKit.framework in Frameworks */ = {isa = PBXBuildFile; fileRef = CEBA237619B46D6F00436F01 /* UIKit.framework */; };
		CEBA237D19B46D6F00436F01 /* InfoPlist.strings in Resources */ = {isa = PBXBuildFile; fileRef = CEBA237B19B46D6F00436F01 /* InfoPlist.strings */; };
		CEBA237F19B46D6F00436F01 /* main.m in Sources */ = {isa = PBXBuildFile; fileRef = CEBA237E19B46D6F00436F01 /* main.m */; };
		CEBA238319B46D6F00436F01 /* AppDelegate.m in Sources */ = {isa = PBXBuildFile; fileRef = CEBA238219B46D6F00436F01 /* AppDelegate.m */; };
		CEBA238619B46D6F00436F01 /* Main.storyboard in Resources */ = {isa = PBXBuildFile; fileRef = CEBA238419B46D6F00436F01 /* Main.storyboard */; };
		CEBA238E19B46D6F00436F01 /* Images.xcassets in Resources */ = {isa = PBXBuildFile; fileRef = CEBA238D19B46D6F00436F01 /* Images.xcassets */; };
		CEBA239519B46D6F00436F01 /* XCTest.framework in Frameworks */ = {isa = PBXBuildFile; fileRef = CEBA239419B46D6F00436F01 /* XCTest.framework */; };
		CEBA239619B46D6F00436F01 /* Foundation.framework in Frameworks */ = {isa = PBXBuildFile; fileRef = CEBA237219B46D6F00436F01 /* Foundation.framework */; };
		CEBA239719B46D6F00436F01 /* UIKit.framework in Frameworks */ = {isa = PBXBuildFile; fileRef = CEBA237619B46D6F00436F01 /* UIKit.framework */; };
		CEBA239F19B46D6F00436F01 /* InfoPlist.strings in Resources */ = {isa = PBXBuildFile; fileRef = CEBA239D19B46D6F00436F01 /* InfoPlist.strings */; };
		CEBA23A119B46D6F00436F01 /* Italish_PizzaTests.m in Sources */ = {isa = PBXBuildFile; fileRef = CEBA23A019B46D6F00436F01 /* Italish_PizzaTests.m */; };
		CEC12E7A19C6DAA000358027 /* 20.jpg in Resources */ = {isa = PBXBuildFile; fileRef = CEC12E7919C6DAA000358027 /* 20.jpg */; };
		CECC7F2019F0F03000B4267F /* CreateOrderViewController.m in Sources */ = {isa = PBXBuildFile; fileRef = CECC7F1F19F0F03000B4267F /* CreateOrderViewController.m */; };
		CECC7F2319F0F28300B4267F /* ItemCollectionViewCell.m in Sources */ = {isa = PBXBuildFile; fileRef = CECC7F2219F0F28300B4267F /* ItemCollectionViewCell.m */; };
		CECC7F2619F129B000B4267F /* ConfirmViewController.m in Sources */ = {isa = PBXBuildFile; fileRef = CECC7F2519F129B000B4267F /* ConfirmViewController.m */; };
		CECC7F2919F12CB700B4267F /* ConfirmOrderTableViewCell.m in Sources */ = {isa = PBXBuildFile; fileRef = CECC7F2819F12CB700B4267F /* ConfirmOrderTableViewCell.m */; };
/* End PBXBuildFile section */

/* Begin PBXContainerItemProxy section */
		CEBA239819B46D6F00436F01 /* PBXContainerItemProxy */ = {
			isa = PBXContainerItemProxy;
			containerPortal = CEBA236719B46D6F00436F01 /* Project object */;
			proxyType = 1;
			remoteGlobalIDString = CEBA236E19B46D6F00436F01;
			remoteInfo = "Italish Pizza";
		};
/* End PBXContainerItemProxy section */

/* Begin PBXFileReference section */
		CE0B1F3B19ED626E00190DDE /* footer_lodyas.png */ = {isa = PBXFileReference; lastKnownFileType = image.png; path = footer_lodyas.png; sourceTree = "<group>"; };
		CE0B1F3D19ED644100190DDE /* clouds.jpg */ = {isa = PBXFileReference; lastKnownFileType = image.jpeg; path = clouds.jpg; sourceTree = "<group>"; };
		CE0B1F3F19ED83F700190DDE /* ManagementViewController.h */ = {isa = PBXFileReference; fileEncoding = 4; lastKnownFileType = sourcecode.c.h; path = ManagementViewController.h; sourceTree = "<group>"; };
		CE0B1F4019ED83F700190DDE /* ManagementViewController.m */ = {isa = PBXFileReference; fileEncoding = 4; lastKnownFileType = sourcecode.c.objc; path = ManagementViewController.m; sourceTree = "<group>"; };
		CE0B1F4519ED9BB800190DDE /* PendingOrdersViewController.h */ = {isa = PBXFileReference; fileEncoding = 4; lastKnownFileType = sourcecode.c.h; path = PendingOrdersViewController.h; sourceTree = "<group>"; };
		CE0B1F4619ED9BB800190DDE /* PendingOrdersViewController.m */ = {isa = PBXFileReference; fileEncoding = 4; lastKnownFileType = sourcecode.c.objc; path = PendingOrdersViewController.m; sourceTree = "<group>"; };
		CE0B1F4819EDA06600190DDE /* PendingOrderCollectionViewCell.h */ = {isa = PBXFileReference; fileEncoding = 4; lastKnownFileType = sourcecode.c.h; path = PendingOrderCollectionViewCell.h; sourceTree = "<group>"; };
		CE0B1F4919EDA06600190DDE /* PendingOrderCollectionViewCell.m */ = {isa = PBXFileReference; fileEncoding = 4; lastKnownFileType = sourcecode.c.objc; path = PendingOrderCollectionViewCell.m; sourceTree = "<group>"; };
		CE249CBF19F251450084861B /* CreatBookingViewController.h */ = {isa = PBXFileReference; fileEncoding = 4; lastKnownFileType = sourcecode.c.h; path = CreatBookingViewController.h; sourceTree = "<group>"; };
		CE249CC019F251450084861B /* CreatBookingViewController.m */ = {isa = PBXFileReference; fileEncoding = 4; lastKnownFileType = sourcecode.c.objc; path = CreatBookingViewController.m; sourceTree = "<group>"; };
		CE249CC319F2A6090084861B /* PNBar.h */ = {isa = PBXFileReference; fileEncoding = 4; lastKnownFileType = sourcecode.c.h; path = PNBar.h; sourceTree = "<group>"; };
		CE249CC419F2A6090084861B /* PNBar.m */ = {isa = PBXFileReference; fileEncoding = 4; lastKnownFileType = sourcecode.c.objc; path = PNBar.m; sourceTree = "<group>"; };
		CE249CC519F2A6090084861B /* PNBarChart.h */ = {isa = PBXFileReference; fileEncoding = 4; lastKnownFileType = sourcecode.c.h; path = PNBarChart.h; sourceTree = "<group>"; };
		CE249CC619F2A6090084861B /* PNBarChart.m */ = {isa = PBXFileReference; fileEncoding = 4; lastKnownFileType = sourcecode.c.objc; path = PNBarChart.m; sourceTree = "<group>"; };
		CE249CC719F2A6090084861B /* PNChart.h */ = {isa = PBXFileReference; fileEncoding = 4; lastKnownFileType = sourcecode.c.h; path = PNChart.h; sourceTree = "<group>"; };
		CE249CC819F2A6090084861B /* PNChartDelegate.h */ = {isa = PBXFileReference; fileEncoding = 4; lastKnownFileType = sourcecode.c.h; path = PNChartDelegate.h; sourceTree = "<group>"; };
		CE249CC919F2A6090084861B /* PNChartLabel.h */ = {isa = PBXFileReference; fileEncoding = 4; lastKnownFileType = sourcecode.c.h; path = PNChartLabel.h; sourceTree = "<group>"; };
		CE249CCA19F2A6090084861B /* PNChartLabel.m */ = {isa = PBXFileReference; fileEncoding = 4; lastKnownFileType = sourcecode.c.objc; path = PNChartLabel.m; sourceTree = "<group>"; };
		CE249CCB19F2A6090084861B /* PNCircleChart.h */ = {isa = PBXFileReference; fileEncoding = 4; lastKnownFileType = sourcecode.c.h; path = PNCircleChart.h; sourceTree = "<group>"; };
		CE249CCC19F2A6090084861B /* PNCircleChart.m */ = {isa = PBXFileReference; fileEncoding = 4; lastKnownFileType = sourcecode.c.objc; path = PNCircleChart.m; sourceTree = "<group>"; };
		CE249CCD19F2A6090084861B /* PNColor.h */ = {isa = PBXFileReference; fileEncoding = 4; lastKnownFileType = sourcecode.c.h; path = PNColor.h; sourceTree = "<group>"; };
		CE249CCE19F2A6090084861B /* PNColor.m */ = {isa = PBXFileReference; fileEncoding = 4; lastKnownFileType = sourcecode.c.objc; path = PNColor.m; sourceTree = "<group>"; };
		CE249CCF19F2A6090084861B /* PNLineChart.h */ = {isa = PBXFileReference; fileEncoding = 4; lastKnownFileType = sourcecode.c.h; path = PNLineChart.h; sourceTree = "<group>"; };
		CE249CD019F2A6090084861B /* PNLineChart.m */ = {isa = PBXFileReference; fileEncoding = 4; lastKnownFileType = sourcecode.c.objc; path = PNLineChart.m; sourceTree = "<group>"; };
		CE249CD119F2A6090084861B /* PNLineChartData.h */ = {isa = PBXFileReference; fileEncoding = 4; lastKnownFileType = sourcecode.c.h; path = PNLineChartData.h; sourceTree = "<group>"; };
		CE249CD219F2A6090084861B /* PNLineChartData.m */ = {isa = PBXFileReference; fileEncoding = 4; lastKnownFileType = sourcecode.c.objc; path = PNLineChartData.m; sourceTree = "<group>"; };
		CE249CD319F2A6090084861B /* PNLineChartDataItem.h */ = {isa = PBXFileReference; fileEncoding = 4; lastKnownFileType = sourcecode.c.h; path = PNLineChartDataItem.h; sourceTree = "<group>"; };
		CE249CD419F2A6090084861B /* PNLineChartDataItem.m */ = {isa = PBXFileReference; fileEncoding = 4; lastKnownFileType = sourcecode.c.objc; path = PNLineChartDataItem.m; sourceTree = "<group>"; };
		CE249CD519F2A6090084861B /* PNPieChart.h */ = {isa = PBXFileReference; fileEncoding = 4; lastKnownFileType = sourcecode.c.h; path = PNPieChart.h; sourceTree = "<group>"; };
		CE249CD619F2A6090084861B /* PNPieChart.m */ = {isa = PBXFileReference; fileEncoding = 4; lastKnownFileType = sourcecode.c.objc; path = PNPieChart.m; sourceTree = "<group>"; };
		CE249CD719F2A6090084861B /* PNPieChartDataItem.h */ = {isa = PBXFileReference; fileEncoding = 4; lastKnownFileType = sourcecode.c.h; path = PNPieChartDataItem.h; sourceTree = "<group>"; };
		CE249CD819F2A6090084861B /* PNPieChartDataItem.m */ = {isa = PBXFileReference; fileEncoding = 4; lastKnownFileType = sourcecode.c.objc; path = PNPieChartDataItem.m; sourceTree = "<group>"; };
		CE249CE319F2A6300084861B /* ReportViewController.h */ = {isa = PBXFileReference; fileEncoding = 4; lastKnownFileType = sourcecode.c.h; path = ReportViewController.h; sourceTree = "<group>"; };
		CE249CE419F2A6300084861B /* ReportViewController.m */ = {isa = PBXFileReference; fileEncoding = 4; lastKnownFileType = sourcecode.c.objc; path = ReportViewController.m; sourceTree = "<group>"; };
		CE249CE619F2A72F0084861B /* UICountingLabel.h */ = {isa = PBXFileReference; fileEncoding = 4; lastKnownFileType = sourcecode.c.h; path = UICountingLabel.h; sourceTree = "<group>"; };
		CE249CE719F2A72F0084861B /* UICountingLabel.m */ = {isa = PBXFileReference; fileEncoding = 4; lastKnownFileType = sourcecode.c.objc; path = UICountingLabel.m; sourceTree = "<group>"; };
		CE249CEB19F375890084861B /* TableSelectViewController.h */ = {isa = PBXFileReference; fileEncoding = 4; lastKnownFileType = sourcecode.c.h; path = TableSelectViewController.h; sourceTree = "<group>"; };
		CE249CEC19F375890084861B /* TableSelectViewController.m */ = {isa = PBXFileReference; fileEncoding = 4; lastKnownFileType = sourcecode.c.objc; path = TableSelectViewController.m; sourceTree = "<group>"; };
		CE7FF9F919EE8351004E11E6 /* CustomerViewController.h */ = {isa = PBXFileReference; fileEncoding = 4; lastKnownFileType = sourcecode.c.h; path = CustomerViewController.h; sourceTree = "<group>"; };
		CE7FF9FA19EE8351004E11E6 /* CustomerViewController.m */ = {isa = PBXFileReference; fileEncoding = 4; lastKnownFileType = sourcecode.c.objc; path = CustomerViewController.m; sourceTree = "<group>"; };
		CE7FF9FC19EE8435004E11E6 /* QuartzCore.framework */ = {isa = PBXFileReference; lastKnownFileType = wrapper.framework; name = QuartzCore.framework; path = System/Library/Frameworks/QuartzCore.framework; sourceTree = SDKROOT; };
		CE7FF9FE19EE9090004E11E6 /* plus.png */ = {isa = PBXFileReference; lastKnownFileType = image.png; path = plus.png; sourceTree = "<group>"; };
		CE7FFA0119EE955F004E11E6 /* VBFDoubleSegment.h */ = {isa = PBXFileReference; fileEncoding = 4; lastKnownFileType = sourcecode.c.h; path = VBFDoubleSegment.h; sourceTree = "<group>"; };
		CE7FFA0219EE955F004E11E6 /* VBFDoubleSegment.m */ = {isa = PBXFileReference; fileEncoding = 4; lastKnownFileType = sourcecode.c.objc; path = VBFDoubleSegment.m; sourceTree = "<group>"; };
		CE7FFA0319EE955F004E11E6 /* VBFPopFlatButton.h */ = {isa = PBXFileReference; fileEncoding = 4; lastKnownFileType = sourcecode.c.h; path = VBFPopFlatButton.h; sourceTree = "<group>"; };
		CE7FFA0419EE955F004E11E6 /* VBFPopFlatButton.m */ = {isa = PBXFileReference; fileEncoding = 4; lastKnownFileType = sourcecode.c.objc; path = VBFPopFlatButton.m; sourceTree = "<group>"; };
		CE7FFA5419EE97B9004E11E6 /* POP.h */ = {isa = PBXFileReference; fileEncoding = 4; lastKnownFileType = sourcecode.c.h; path = POP.h; sourceTree = "<group>"; };
		CE7FFA5519EE97B9004E11E6 /* POPAction.h */ = {isa = PBXFileReference; fileEncoding = 4; lastKnownFileType = sourcecode.c.h; path = POPAction.h; sourceTree = "<group>"; };
		CE7FFA5619EE97B9004E11E6 /* POPAnimatableProperty.h */ = {isa = PBXFileReference; fileEncoding = 4; lastKnownFileType = sourcecode.c.h; path = POPAnimatableProperty.h; sourceTree = "<group>"; };
		CE7FFA5719EE97B9004E11E6 /* POPAnimatableProperty.mm */ = {isa = PBXFileReference; fileEncoding = 4; lastKnownFileType = sourcecode.cpp.objcpp; path = POPAnimatableProperty.mm; sourceTree = "<group>"; };
		CE7FFA5819EE97B9004E11E6 /* POPAnimation.h */ = {isa = PBXFileReference; fileEncoding = 4; lastKnownFileType = sourcecode.c.h; path = POPAnimation.h; sourceTree = "<group>"; };
		CE7FFA5919EE97B9004E11E6 /* POPAnimation.mm */ = {isa = PBXFileReference; fileEncoding = 4; lastKnownFileType = sourcecode.cpp.objcpp; path = POPAnimation.mm; sourceTree = "<group>"; };
		CE7FFA5A19EE97B9004E11E6 /* POPAnimationEvent.h */ = {isa = PBXFileReference; fileEncoding = 4; lastKnownFileType = sourcecode.c.h; path = POPAnimationEvent.h; sourceTree = "<group>"; };
		CE7FFA5B19EE97B9004E11E6 /* POPAnimationEvent.mm */ = {isa = PBXFileReference; fileEncoding = 4; lastKnownFileType = sourcecode.cpp.objcpp; path = POPAnimationEvent.mm; sourceTree = "<group>"; };
		CE7FFA5C19EE97B9004E11E6 /* POPAnimationEventInternal.h */ = {isa = PBXFileReference; fileEncoding = 4; lastKnownFileType = sourcecode.c.h; path = POPAnimationEventInternal.h; sourceTree = "<group>"; };
		CE7FFA5D19EE97B9004E11E6 /* POPAnimationExtras.h */ = {isa = PBXFileReference; fileEncoding = 4; lastKnownFileType = sourcecode.c.h; path = POPAnimationExtras.h; sourceTree = "<group>"; };
		CE7FFA5E19EE97B9004E11E6 /* POPAnimationExtras.mm */ = {isa = PBXFileReference; fileEncoding = 4; lastKnownFileType = sourcecode.cpp.objcpp; path = POPAnimationExtras.mm; sourceTree = "<group>"; };
		CE7FFA5F19EE97B9004E11E6 /* POPAnimationInternal.h */ = {isa = PBXFileReference; fileEncoding = 4; lastKnownFileType = sourcecode.c.h; path = POPAnimationInternal.h; sourceTree = "<group>"; };
		CE7FFA6019EE97B9004E11E6 /* POPAnimationPrivate.h */ = {isa = PBXFileReference; fileEncoding = 4; lastKnownFileType = sourcecode.c.h; path = POPAnimationPrivate.h; sourceTree = "<group>"; };
		CE7FFA6119EE97B9004E11E6 /* POPAnimationRuntime.h */ = {isa = PBXFileReference; fileEncoding = 4; lastKnownFileType = sourcecode.c.h; path = POPAnimationRuntime.h; sourceTree = "<group>"; };
		CE7FFA6219EE97B9004E11E6 /* POPAnimationRuntime.mm */ = {isa = PBXFileReference; fileEncoding = 4; lastKnownFileType = sourcecode.cpp.objcpp; path = POPAnimationRuntime.mm; sourceTree = "<group>"; };
		CE7FFA6319EE97B9004E11E6 /* POPAnimationTracer.h */ = {isa = PBXFileReference; fileEncoding = 4; lastKnownFileType = sourcecode.c.h; path = POPAnimationTracer.h; sourceTree = "<group>"; };
		CE7FFA6419EE97B9004E11E6 /* POPAnimationTracer.mm */ = {isa = PBXFileReference; fileEncoding = 4; lastKnownFileType = sourcecode.cpp.objcpp; path = POPAnimationTracer.mm; sourceTree = "<group>"; };
		CE7FFA6519EE97B9004E11E6 /* POPAnimationTracerInternal.h */ = {isa = PBXFileReference; fileEncoding = 4; lastKnownFileType = sourcecode.c.h; path = POPAnimationTracerInternal.h; sourceTree = "<group>"; };
		CE7FFA6619EE97B9004E11E6 /* POPAnimator.h */ = {isa = PBXFileReference; fileEncoding = 4; lastKnownFileType = sourcecode.c.h; path = POPAnimator.h; sourceTree = "<group>"; };
		CE7FFA6719EE97B9004E11E6 /* POPAnimator.mm */ = {isa = PBXFileReference; fileEncoding = 4; lastKnownFileType = sourcecode.cpp.objcpp; path = POPAnimator.mm; sourceTree = "<group>"; };
		CE7FFA6819EE97B9004E11E6 /* POPAnimatorPrivate.h */ = {isa = PBXFileReference; fileEncoding = 4; lastKnownFileType = sourcecode.c.h; path = POPAnimatorPrivate.h; sourceTree = "<group>"; };
		CE7FFA6919EE97B9004E11E6 /* POPBasicAnimation.h */ = {isa = PBXFileReference; fileEncoding = 4; lastKnownFileType = sourcecode.c.h; path = POPBasicAnimation.h; sourceTree = "<group>"; };
		CE7FFA6A19EE97B9004E11E6 /* POPBasicAnimation.mm */ = {isa = PBXFileReference; fileEncoding = 4; lastKnownFileType = sourcecode.cpp.objcpp; path = POPBasicAnimation.mm; sourceTree = "<group>"; };
		CE7FFA6B19EE97B9004E11E6 /* POPBasicAnimationInternal.h */ = {isa = PBXFileReference; fileEncoding = 4; lastKnownFileType = sourcecode.c.h; path = POPBasicAnimationInternal.h; sourceTree = "<group>"; };
		CE7FFA6C19EE97B9004E11E6 /* POPCGUtils.h */ = {isa = PBXFileReference; fileEncoding = 4; lastKnownFileType = sourcecode.c.h; path = POPCGUtils.h; sourceTree = "<group>"; };
		CE7FFA6D19EE97B9004E11E6 /* POPCGUtils.mm */ = {isa = PBXFileReference; fileEncoding = 4; lastKnownFileType = sourcecode.cpp.objcpp; path = POPCGUtils.mm; sourceTree = "<group>"; };
		CE7FFA6E19EE97B9004E11E6 /* POPCustomAnimation.h */ = {isa = PBXFileReference; fileEncoding = 4; lastKnownFileType = sourcecode.c.h; path = POPCustomAnimation.h; sourceTree = "<group>"; };
		CE7FFA6F19EE97B9004E11E6 /* POPCustomAnimation.mm */ = {isa = PBXFileReference; fileEncoding = 4; lastKnownFileType = sourcecode.cpp.objcpp; path = POPCustomAnimation.mm; sourceTree = "<group>"; };
		CE7FFA7019EE97B9004E11E6 /* POPDecayAnimation.h */ = {isa = PBXFileReference; fileEncoding = 4; lastKnownFileType = sourcecode.c.h; path = POPDecayAnimation.h; sourceTree = "<group>"; };
		CE7FFA7119EE97B9004E11E6 /* POPDecayAnimation.mm */ = {isa = PBXFileReference; fileEncoding = 4; lastKnownFileType = sourcecode.cpp.objcpp; path = POPDecayAnimation.mm; sourceTree = "<group>"; };
		CE7FFA7219EE97B9004E11E6 /* POPDecayAnimationInternal.h */ = {isa = PBXFileReference; fileEncoding = 4; lastKnownFileType = sourcecode.c.h; path = POPDecayAnimationInternal.h; sourceTree = "<group>"; };
		CE7FFA7319EE97B9004E11E6 /* POPDefines.h */ = {isa = PBXFileReference; fileEncoding = 4; lastKnownFileType = sourcecode.c.h; path = POPDefines.h; sourceTree = "<group>"; };
		CE7FFA7419EE97B9004E11E6 /* POPGeometry.h */ = {isa = PBXFileReference; fileEncoding = 4; lastKnownFileType = sourcecode.c.h; path = POPGeometry.h; sourceTree = "<group>"; };
		CE7FFA7519EE97B9004E11E6 /* POPGeometry.mm */ = {isa = PBXFileReference; fileEncoding = 4; lastKnownFileType = sourcecode.cpp.objcpp; path = POPGeometry.mm; sourceTree = "<group>"; };
		CE7FFA7619EE97B9004E11E6 /* POPLayerExtras.h */ = {isa = PBXFileReference; fileEncoding = 4; lastKnownFileType = sourcecode.c.h; path = POPLayerExtras.h; sourceTree = "<group>"; };
		CE7FFA7719EE97B9004E11E6 /* POPLayerExtras.mm */ = {isa = PBXFileReference; fileEncoding = 4; lastKnownFileType = sourcecode.cpp.objcpp; path = POPLayerExtras.mm; sourceTree = "<group>"; };
		CE7FFA7819EE97B9004E11E6 /* POPMath.h */ = {isa = PBXFileReference; fileEncoding = 4; lastKnownFileType = sourcecode.c.h; path = POPMath.h; sourceTree = "<group>"; };
		CE7FFA7919EE97B9004E11E6 /* POPMath.mm */ = {isa = PBXFileReference; fileEncoding = 4; lastKnownFileType = sourcecode.cpp.objcpp; path = POPMath.mm; sourceTree = "<group>"; };
		CE7FFA7A19EE97B9004E11E6 /* POPPropertyAnimation.h */ = {isa = PBXFileReference; fileEncoding = 4; lastKnownFileType = sourcecode.c.h; path = POPPropertyAnimation.h; sourceTree = "<group>"; };
		CE7FFA7B19EE97B9004E11E6 /* POPPropertyAnimation.mm */ = {isa = PBXFileReference; fileEncoding = 4; lastKnownFileType = sourcecode.cpp.objcpp; path = POPPropertyAnimation.mm; sourceTree = "<group>"; };
		CE7FFA7C19EE97B9004E11E6 /* POPPropertyAnimationInternal.h */ = {isa = PBXFileReference; fileEncoding = 4; lastKnownFileType = sourcecode.c.h; path = POPPropertyAnimationInternal.h; sourceTree = "<group>"; };
		CE7FFA7D19EE97B9004E11E6 /* POPSpringAnimation.h */ = {isa = PBXFileReference; fileEncoding = 4; lastKnownFileType = sourcecode.c.h; path = POPSpringAnimation.h; sourceTree = "<group>"; };
		CE7FFA7E19EE97B9004E11E6 /* POPSpringAnimation.mm */ = {isa = PBXFileReference; fileEncoding = 4; lastKnownFileType = sourcecode.cpp.objcpp; path = POPSpringAnimation.mm; sourceTree = "<group>"; };
		CE7FFA7F19EE97B9004E11E6 /* POPSpringAnimationInternal.h */ = {isa = PBXFileReference; fileEncoding = 4; lastKnownFileType = sourcecode.c.h; path = POPSpringAnimationInternal.h; sourceTree = "<group>"; };
		CE7FFA8019EE97B9004E11E6 /* POPSpringSolver.h */ = {isa = PBXFileReference; fileEncoding = 4; lastKnownFileType = sourcecode.c.h; path = POPSpringSolver.h; sourceTree = "<group>"; };
		CE7FFA8119EE97B9004E11E6 /* POPVector.h */ = {isa = PBXFileReference; fileEncoding = 4; lastKnownFileType = sourcecode.c.h; path = POPVector.h; sourceTree = "<group>"; };
		CE7FFA8219EE97B9004E11E6 /* POPVector.mm */ = {isa = PBXFileReference; fileEncoding = 4; lastKnownFileType = sourcecode.cpp.objcpp; path = POPVector.mm; sourceTree = "<group>"; };
		CE7FFA8419EE97B9004E11E6 /* FloatConversion.h */ = {isa = PBXFileReference; fileEncoding = 4; lastKnownFileType = sourcecode.c.h; path = FloatConversion.h; sourceTree = "<group>"; };
		CE7FFA8519EE97B9004E11E6 /* TransformationMatrix.cpp */ = {isa = PBXFileReference; fileEncoding = 4; lastKnownFileType = sourcecode.cpp.cpp; path = TransformationMatrix.cpp; sourceTree = "<group>"; };
		CE7FFA8619EE97B9004E11E6 /* TransformationMatrix.h */ = {isa = PBXFileReference; fileEncoding = 4; lastKnownFileType = sourcecode.c.h; path = TransformationMatrix.h; sourceTree = "<group>"; };
		CE7FFA8719EE97B9004E11E6 /* UnitBezier.h */ = {isa = PBXFileReference; fileEncoding = 4; lastKnownFileType = sourcecode.c.h; path = UnitBezier.h; sourceTree = "<group>"; };
		CE7FFA9A19EE97ED004E11E6 /* libstdc++.dylib */ = {isa = PBXFileReference; lastKnownFileType = "compiled.mach-o.dylib"; name = "libstdc++.dylib"; path = "usr/lib/libstdc++.dylib"; sourceTree = SDKROOT; };
		CE7FFA9E19EED5DC004E11E6 /* CustomerFormViewController.h */ = {isa = PBXFileReference; fileEncoding = 4; lastKnownFileType = sourcecode.c.h; path = CustomerFormViewController.h; sourceTree = "<group>"; };
		CE7FFA9F19EED5DC004E11E6 /* CustomerFormViewController.m */ = {isa = PBXFileReference; fileEncoding = 4; lastKnownFileType = sourcecode.c.objc; path = CustomerFormViewController.m; sourceTree = "<group>"; };
		CE7FFAA119EF1B4A004E11E6 /* StockViewController.h */ = {isa = PBXFileReference; fileEncoding = 4; lastKnownFileType = sourcecode.c.h; path = StockViewController.h; sourceTree = "<group>"; };
		CE7FFAA219EF1B4A004E11E6 /* StockViewController.m */ = {isa = PBXFileReference; fileEncoding = 4; lastKnownFileType = sourcecode.c.objc; path = StockViewController.m; sourceTree = "<group>"; };
		CE7FFAA519EF1CC1004E11E6 /* StockTableViewCell.h */ = {isa = PBXFileReference; fileEncoding = 4; lastKnownFileType = sourcecode.c.h; path = StockTableViewCell.h; sourceTree = "<group>"; };
		CE7FFAA619EF1CC1004E11E6 /* StockTableViewCell.m */ = {isa = PBXFileReference; fileEncoding = 4; lastKnownFileType = sourcecode.c.objc; path = StockTableViewCell.m; sourceTree = "<group>"; };
		CE7FFAA819F01AEB004E11E6 /* ProfileViewController.h */ = {isa = PBXFileReference; fileEncoding = 4; lastKnownFileType = sourcecode.c.h; path = ProfileViewController.h; sourceTree = "<group>"; };
		CE7FFAA919F01AEB004E11E6 /* ProfileViewController.m */ = {isa = PBXFileReference; fileEncoding = 4; lastKnownFileType = sourcecode.c.objc; path = ProfileViewController.m; sourceTree = "<group>"; };
		CE8D1FF219B478D10087FC6E /* TabViewController.h */ = {isa = PBXFileReference; fileEncoding = 4; lastKnownFileType = sourcecode.c.h; path = TabViewController.h; sourceTree = "<group>"; };
		CE8D1FF319B478D10087FC6E /* TabViewController.m */ = {isa = PBXFileReference; fileEncoding = 4; lastKnownFileType = sourcecode.c.objc; path = TabViewController.m; sourceTree = "<group>"; };
		CE8D1FF619B479A40087FC6E /* LoginViewController.h */ = {isa = PBXFileReference; fileEncoding = 4; lastKnownFileType = sourcecode.c.h; path = LoginViewController.h; sourceTree = "<group>"; };
		CE8D1FF719B479A40087FC6E /* LoginViewController.m */ = {isa = PBXFileReference; fileEncoding = 4; lastKnownFileType = sourcecode.c.objc; path = LoginViewController.m; sourceTree = "<group>"; };
		CE8D1FFA19B484550087FC6E /* DatabaseHelper.h */ = {isa = PBXFileReference; fileEncoding = 4; lastKnownFileType = sourcecode.c.h; path = DatabaseHelper.h; sourceTree = "<group>"; };
		CE8D1FFB19B484550087FC6E /* DatabaseHelper.m */ = {isa = PBXFileReference; fileEncoding = 4; lastKnownFileType = sourcecode.c.objc; path = DatabaseHelper.m; sourceTree = "<group>"; };
		CE8D1FFE19B4A67A0087FC6E /* libsqlite3.dylib */ = {isa = PBXFileReference; lastKnownFileType = "compiled.mach-o.dylib"; name = libsqlite3.dylib; path = usr/lib/libsqlite3.dylib; sourceTree = SDKROOT; };
		CE8D200019B66E5C0087FC6E /* UserViewController.h */ = {isa = PBXFileReference; fileEncoding = 4; lastKnownFileType = sourcecode.c.h; path = UserViewController.h; sourceTree = "<group>"; };
		CE8D200119B66E5C0087FC6E /* UserViewController.m */ = {isa = PBXFileReference; fileEncoding = 4; lastKnownFileType = sourcecode.c.objc; path = UserViewController.m; sourceTree = "<group>"; };
		CE8D200B19B689F40087FC6E /* 19.jpg */ = {isa = PBXFileReference; lastKnownFileType = image.jpeg; path = 19.jpg; sourceTree = "<group>"; };
		CE8D200E19B6936D0087FC6E /* edit_user-32.png */ = {isa = PBXFileReference; lastKnownFileType = image.png; path = "edit_user-32.png"; sourceTree = "<group>"; };
		CE9B953019BCF5A10076293E /* BookingViewController.h */ = {isa = PBXFileReference; fileEncoding = 4; lastKnownFileType = sourcecode.c.h; path = BookingViewController.h; sourceTree = "<group>"; };
		CE9B953119BCF5A10076293E /* BookingViewController.m */ = {isa = PBXFileReference; fileEncoding = 4; lastKnownFileType = sourcecode.c.objc; path = BookingViewController.m; sourceTree = "<group>"; };
		CEBA236F19B46D6F00436F01 /* Italish Pizza.app */ = {isa = PBXFileReference; explicitFileType = wrapper.application; includeInIndex = 0; path = "Italish Pizza.app"; sourceTree = BUILT_PRODUCTS_DIR; };
		CEBA237219B46D6F00436F01 /* Foundation.framework */ = {isa = PBXFileReference; lastKnownFileType = wrapper.framework; name = Foundation.framework; path = System/Library/Frameworks/Foundation.framework; sourceTree = SDKROOT; };
		CEBA237419B46D6F00436F01 /* CoreGraphics.framework */ = {isa = PBXFileReference; lastKnownFileType = wrapper.framework; name = CoreGraphics.framework; path = System/Library/Frameworks/CoreGraphics.framework; sourceTree = SDKROOT; };
		CEBA237619B46D6F00436F01 /* UIKit.framework */ = {isa = PBXFileReference; lastKnownFileType = wrapper.framework; name = UIKit.framework; path = System/Library/Frameworks/UIKit.framework; sourceTree = SDKROOT; };
		CEBA237A19B46D6F00436F01 /* Italish Pizza-Info.plist */ = {isa = PBXFileReference; lastKnownFileType = text.plist.xml; path = "Italish Pizza-Info.plist"; sourceTree = "<group>"; };
		CEBA237C19B46D6F00436F01 /* en */ = {isa = PBXFileReference; lastKnownFileType = text.plist.strings; name = en; path = en.lproj/InfoPlist.strings; sourceTree = "<group>"; };
		CEBA237E19B46D6F00436F01 /* main.m */ = {isa = PBXFileReference; lastKnownFileType = sourcecode.c.objc; path = main.m; sourceTree = "<group>"; };
		CEBA238019B46D6F00436F01 /* Italish Pizza-Prefix.pch */ = {isa = PBXFileReference; lastKnownFileType = sourcecode.c.h; path = "Italish Pizza-Prefix.pch"; sourceTree = "<group>"; };
		CEBA238119B46D6F00436F01 /* AppDelegate.h */ = {isa = PBXFileReference; lastKnownFileType = sourcecode.c.h; path = AppDelegate.h; sourceTree = "<group>"; };
		CEBA238219B46D6F00436F01 /* AppDelegate.m */ = {isa = PBXFileReference; lastKnownFileType = sourcecode.c.objc; path = AppDelegate.m; sourceTree = "<group>"; };
		CEBA238519B46D6F00436F01 /* Base */ = {isa = PBXFileReference; lastKnownFileType = file.storyboard; name = Base; path = Base.lproj/Main.storyboard; sourceTree = "<group>"; };
		CEBA238D19B46D6F00436F01 /* Images.xcassets */ = {isa = PBXFileReference; lastKnownFileType = folder.assetcatalog; path = Images.xcassets; sourceTree = "<group>"; };
		CEBA239319B46D6F00436F01 /* Italish PizzaTests.xctest */ = {isa = PBXFileReference; explicitFileType = wrapper.cfbundle; includeInIndex = 0; path = "Italish PizzaTests.xctest"; sourceTree = BUILT_PRODUCTS_DIR; };
		CEBA239419B46D6F00436F01 /* XCTest.framework */ = {isa = PBXFileReference; lastKnownFileType = wrapper.framework; name = XCTest.framework; path = Library/Frameworks/XCTest.framework; sourceTree = DEVELOPER_DIR; };
		CEBA239C19B46D6F00436F01 /* Italish PizzaTests-Info.plist */ = {isa = PBXFileReference; lastKnownFileType = text.plist.xml; path = "Italish PizzaTests-Info.plist"; sourceTree = "<group>"; };
		CEBA239E19B46D6F00436F01 /* en */ = {isa = PBXFileReference; lastKnownFileType = text.plist.strings; name = en; path = en.lproj/InfoPlist.strings; sourceTree = "<group>"; };
		CEBA23A019B46D6F00436F01 /* Italish_PizzaTests.m */ = {isa = PBXFileReference; lastKnownFileType = sourcecode.c.objc; path = Italish_PizzaTests.m; sourceTree = "<group>"; };
		CEC12E7919C6DAA000358027 /* 20.jpg */ = {isa = PBXFileReference; lastKnownFileType = image.jpeg; path = 20.jpg; sourceTree = "<group>"; };
		CECC7F1E19F0F03000B4267F /* CreateOrderViewController.h */ = {isa = PBXFileReference; fileEncoding = 4; lastKnownFileType = sourcecode.c.h; path = CreateOrderViewController.h; sourceTree = "<group>"; };
		CECC7F1F19F0F03000B4267F /* CreateOrderViewController.m */ = {isa = PBXFileReference; fileEncoding = 4; lastKnownFileType = sourcecode.c.objc; path = CreateOrderViewController.m; sourceTree = "<group>"; };
		CECC7F2119F0F28300B4267F /* ItemCollectionViewCell.h */ = {isa = PBXFileReference; fileEncoding = 4; lastKnownFileType = sourcecode.c.h; path = ItemCollectionViewCell.h; sourceTree = "<group>"; };
		CECC7F2219F0F28300B4267F /* ItemCollectionViewCell.m */ = {isa = PBXFileReference; fileEncoding = 4; lastKnownFileType = sourcecode.c.objc; path = ItemCollectionViewCell.m; sourceTree = "<group>"; };
		CECC7F2419F129B000B4267F /* ConfirmViewController.h */ = {isa = PBXFileReference; fileEncoding = 4; lastKnownFileType = sourcecode.c.h; path = ConfirmViewController.h; sourceTree = "<group>"; };
		CECC7F2519F129B000B4267F /* ConfirmViewController.m */ = {isa = PBXFileReference; fileEncoding = 4; lastKnownFileType = sourcecode.c.objc; path = ConfirmViewController.m; sourceTree = "<group>"; };
		CECC7F2719F12CB700B4267F /* ConfirmOrderTableViewCell.h */ = {isa = PBXFileReference; fileEncoding = 4; lastKnownFileType = sourcecode.c.h; path = ConfirmOrderTableViewCell.h; sourceTree = "<group>"; };
		CECC7F2819F12CB700B4267F /* ConfirmOrderTableViewCell.m */ = {isa = PBXFileReference; fileEncoding = 4; lastKnownFileType = sourcecode.c.objc; path = ConfirmOrderTableViewCell.m; sourceTree = "<group>"; };
/* End PBXFileReference section */

/* Begin PBXFrameworksBuildPhase section */
		CEBA236C19B46D6F00436F01 /* Frameworks */ = {
			isa = PBXFrameworksBuildPhase;
			buildActionMask = 2147483647;
			files = (
				CEBA237519B46D6F00436F01 /* CoreGraphics.framework in Frameworks */,
				CE7FFA9B19EE97ED004E11E6 /* libstdc++.dylib in Frameworks */,
				CE7FF9FD19EE8435004E11E6 /* QuartzCore.framework in Frameworks */,
				CE8D1FFF19B4A67A0087FC6E /* libsqlite3.dylib in Frameworks */,
				CEBA237719B46D6F00436F01 /* UIKit.framework in Frameworks */,
				CEBA237319B46D6F00436F01 /* Foundation.framework in Frameworks */,
			);
			runOnlyForDeploymentPostprocessing = 0;
		};
		CEBA239019B46D6F00436F01 /* Frameworks */ = {
			isa = PBXFrameworksBuildPhase;
			buildActionMask = 2147483647;
			files = (
				CEBA239519B46D6F00436F01 /* XCTest.framework in Frameworks */,
				CEBA239719B46D6F00436F01 /* UIKit.framework in Frameworks */,
				CEBA239619B46D6F00436F01 /* Foundation.framework in Frameworks */,
			);
			runOnlyForDeploymentPostprocessing = 0;
		};
/* End PBXFrameworksBuildPhase section */

/* Begin PBXGroup section */
		CE249CC219F2A6090084861B /* PNChart */ = {
			isa = PBXGroup;
			children = (
				CE249CC319F2A6090084861B /* PNBar.h */,
				CE249CC419F2A6090084861B /* PNBar.m */,
				CE249CC519F2A6090084861B /* PNBarChart.h */,
				CE249CC619F2A6090084861B /* PNBarChart.m */,
				CE249CC719F2A6090084861B /* PNChart.h */,
				CE249CC819F2A6090084861B /* PNChartDelegate.h */,
				CE249CC919F2A6090084861B /* PNChartLabel.h */,
				CE249CCA19F2A6090084861B /* PNChartLabel.m */,
				CE249CCB19F2A6090084861B /* PNCircleChart.h */,
				CE249CCC19F2A6090084861B /* PNCircleChart.m */,
				CE249CCD19F2A6090084861B /* PNColor.h */,
				CE249CCE19F2A6090084861B /* PNColor.m */,
				CE249CCF19F2A6090084861B /* PNLineChart.h */,
				CE249CD019F2A6090084861B /* PNLineChart.m */,
				CE249CD119F2A6090084861B /* PNLineChartData.h */,
				CE249CD219F2A6090084861B /* PNLineChartData.m */,
				CE249CD319F2A6090084861B /* PNLineChartDataItem.h */,
				CE249CD419F2A6090084861B /* PNLineChartDataItem.m */,
				CE249CD519F2A6090084861B /* PNPieChart.h */,
				CE249CD619F2A6090084861B /* PNPieChart.m */,
				CE249CD719F2A6090084861B /* PNPieChartDataItem.h */,
				CE249CD819F2A6090084861B /* PNPieChartDataItem.m */,
			);
			path = PNChart;
			sourceTree = "<group>";
		};
		CE7FFA0019EE955F004E11E6 /* VBFPopFlatButtonClasses */ = {
			isa = PBXGroup;
			children = (
				CE7FFA0119EE955F004E11E6 /* VBFDoubleSegment.h */,
				CE7FFA0219EE955F004E11E6 /* VBFDoubleSegment.m */,
				CE7FFA0319EE955F004E11E6 /* VBFPopFlatButton.h */,
				CE7FFA0419EE955F004E11E6 /* VBFPopFlatButton.m */,
			);
			path = VBFPopFlatButtonClasses;
			sourceTree = "<group>";
		};
		CE7FFA5319EE97B9004E11E6 /* pop */ = {
			isa = PBXGroup;
			children = (
				CE7FFA5419EE97B9004E11E6 /* POP.h */,
				CE7FFA5519EE97B9004E11E6 /* POPAction.h */,
				CE7FFA5619EE97B9004E11E6 /* POPAnimatableProperty.h */,
				CE7FFA5719EE97B9004E11E6 /* POPAnimatableProperty.mm */,
				CE7FFA5819EE97B9004E11E6 /* POPAnimation.h */,
				CE7FFA5919EE97B9004E11E6 /* POPAnimation.mm */,
				CE7FFA5A19EE97B9004E11E6 /* POPAnimationEvent.h */,
				CE7FFA5B19EE97B9004E11E6 /* POPAnimationEvent.mm */,
				CE7FFA5C19EE97B9004E11E6 /* POPAnimationEventInternal.h */,
				CE7FFA5D19EE97B9004E11E6 /* POPAnimationExtras.h */,
				CE7FFA5E19EE97B9004E11E6 /* POPAnimationExtras.mm */,
				CE7FFA5F19EE97B9004E11E6 /* POPAnimationInternal.h */,
				CE7FFA6019EE97B9004E11E6 /* POPAnimationPrivate.h */,
				CE7FFA6119EE97B9004E11E6 /* POPAnimationRuntime.h */,
				CE7FFA6219EE97B9004E11E6 /* POPAnimationRuntime.mm */,
				CE7FFA6319EE97B9004E11E6 /* POPAnimationTracer.h */,
				CE7FFA6419EE97B9004E11E6 /* POPAnimationTracer.mm */,
				CE7FFA6519EE97B9004E11E6 /* POPAnimationTracerInternal.h */,
				CE7FFA6619EE97B9004E11E6 /* POPAnimator.h */,
				CE7FFA6719EE97B9004E11E6 /* POPAnimator.mm */,
				CE7FFA6819EE97B9004E11E6 /* POPAnimatorPrivate.h */,
				CE7FFA6919EE97B9004E11E6 /* POPBasicAnimation.h */,
				CE7FFA6A19EE97B9004E11E6 /* POPBasicAnimation.mm */,
				CE7FFA6B19EE97B9004E11E6 /* POPBasicAnimationInternal.h */,
				CE7FFA6C19EE97B9004E11E6 /* POPCGUtils.h */,
				CE7FFA6D19EE97B9004E11E6 /* POPCGUtils.mm */,
				CE7FFA6E19EE97B9004E11E6 /* POPCustomAnimation.h */,
				CE7FFA6F19EE97B9004E11E6 /* POPCustomAnimation.mm */,
				CE7FFA7019EE97B9004E11E6 /* POPDecayAnimation.h */,
				CE7FFA7119EE97B9004E11E6 /* POPDecayAnimation.mm */,
				CE7FFA7219EE97B9004E11E6 /* POPDecayAnimationInternal.h */,
				CE7FFA7319EE97B9004E11E6 /* POPDefines.h */,
				CE7FFA7419EE97B9004E11E6 /* POPGeometry.h */,
				CE7FFA7519EE97B9004E11E6 /* POPGeometry.mm */,
				CE7FFA7619EE97B9004E11E6 /* POPLayerExtras.h */,
				CE7FFA7719EE97B9004E11E6 /* POPLayerExtras.mm */,
				CE7FFA7819EE97B9004E11E6 /* POPMath.h */,
				CE7FFA7919EE97B9004E11E6 /* POPMath.mm */,
				CE7FFA7A19EE97B9004E11E6 /* POPPropertyAnimation.h */,
				CE7FFA7B19EE97B9004E11E6 /* POPPropertyAnimation.mm */,
				CE7FFA7C19EE97B9004E11E6 /* POPPropertyAnimationInternal.h */,
				CE7FFA7D19EE97B9004E11E6 /* POPSpringAnimation.h */,
				CE7FFA7E19EE97B9004E11E6 /* POPSpringAnimation.mm */,
				CE7FFA7F19EE97B9004E11E6 /* POPSpringAnimationInternal.h */,
				CE7FFA8019EE97B9004E11E6 /* POPSpringSolver.h */,
				CE7FFA8119EE97B9004E11E6 /* POPVector.h */,
				CE7FFA8219EE97B9004E11E6 /* POPVector.mm */,
				CE7FFA8319EE97B9004E11E6 /* WebCore */,
			);
			path = pop;
			sourceTree = "<group>";
		};
		CE7FFA8319EE97B9004E11E6 /* WebCore */ = {
			isa = PBXGroup;
			children = (
				CE7FFA8419EE97B9004E11E6 /* FloatConversion.h */,
				CE7FFA8519EE97B9004E11E6 /* TransformationMatrix.cpp */,
				CE7FFA8619EE97B9004E11E6 /* TransformationMatrix.h */,
				CE7FFA8719EE97B9004E11E6 /* UnitBezier.h */,
			);
			path = WebCore;
			sourceTree = "<group>";
		};
		CE7FFAA419EF1C8C004E11E6 /* Helpers */ = {
			isa = PBXGroup;
			children = (
				CE0B1F4819EDA06600190DDE /* PendingOrderCollectionViewCell.h */,
				CE0B1F4919EDA06600190DDE /* PendingOrderCollectionViewCell.m */,
				CE8D1FFA19B484550087FC6E /* DatabaseHelper.h */,
				CE8D1FFB19B484550087FC6E /* DatabaseHelper.m */,
				CE7FFAA519EF1CC1004E11E6 /* StockTableViewCell.h */,
				CE7FFAA619EF1CC1004E11E6 /* StockTableViewCell.m */,
				CECC7F2119F0F28300B4267F /* ItemCollectionViewCell.h */,
				CECC7F2219F0F28300B4267F /* ItemCollectionViewCell.m */,
				CECC7F2719F12CB700B4267F /* ConfirmOrderTableViewCell.h */,
				CECC7F2819F12CB700B4267F /* ConfirmOrderTableViewCell.m */,
			);
			name = Helpers;
			sourceTree = "<group>";
		};
		CE8D1FF119B478C30087FC6E /* ViewControllers */ = {
			isa = PBXGroup;
			children = (
				CE8D1FF219B478D10087FC6E /* TabViewController.h */,
				CE8D1FF319B478D10087FC6E /* TabViewController.m */,
				CE8D1FF619B479A40087FC6E /* LoginViewController.h */,
				CE8D1FF719B479A40087FC6E /* LoginViewController.m */,
				CE8D200019B66E5C0087FC6E /* UserViewController.h */,
				CE8D200119B66E5C0087FC6E /* UserViewController.m */,
				CE9B953019BCF5A10076293E /* BookingViewController.h */,
				CE9B953119BCF5A10076293E /* BookingViewController.m */,
				CE0B1F3F19ED83F700190DDE /* ManagementViewController.h */,
				CE0B1F4019ED83F700190DDE /* ManagementViewController.m */,
				CE0B1F4519ED9BB800190DDE /* PendingOrdersViewController.h */,
				CE0B1F4619ED9BB800190DDE /* PendingOrdersViewController.m */,
				CE7FFA9E19EED5DC004E11E6 /* CustomerFormViewController.h */,
				CE7FFA9F19EED5DC004E11E6 /* CustomerFormViewController.m */,
				CE7FFAA119EF1B4A004E11E6 /* StockViewController.h */,
				CE7FFAA219EF1B4A004E11E6 /* StockViewController.m */,
				CE7FFAA819F01AEB004E11E6 /* ProfileViewController.h */,
				CE7FFAA919F01AEB004E11E6 /* ProfileViewController.m */,
				CECC7F1E19F0F03000B4267F /* CreateOrderViewController.h */,
				CECC7F1F19F0F03000B4267F /* CreateOrderViewController.m */,
				CECC7F2419F129B000B4267F /* ConfirmViewController.h */,
				CECC7F2519F129B000B4267F /* ConfirmViewController.m */,
				CE249CBF19F251450084861B /* CreatBookingViewController.h */,
				CE249CC019F251450084861B /* CreatBookingViewController.m */,
				CE7FF9F919EE8351004E11E6 /* CustomerViewController.h */,
				CE7FF9FA19EE8351004E11E6 /* CustomerViewController.m */,
				CE249CE319F2A6300084861B /* ReportViewController.h */,
				CE249CE419F2A6300084861B /* ReportViewController.m */,
				CE249CEB19F375890084861B /* TableSelectViewController.h */,
				CE249CEC19F375890084861B /* TableSelectViewController.m */,
			);
			name = ViewControllers;
			sourceTree = "<group>";
		};
		CE8D200319B685230087FC6E /* Libraries */ = {
			isa = PBXGroup;
			children = (
				CE249CE619F2A72F0084861B /* UICountingLabel.h */,
				CE249CE719F2A72F0084861B /* UICountingLabel.m */,
				CE249CC219F2A6090084861B /* PNChart */,
				CE7FFA5319EE97B9004E11E6 /* pop */,
				CE7FFA0019EE955F004E11E6 /* VBFPopFlatButtonClasses */,
			);
			name = Libraries;
			sourceTree = "<group>";
		};
		CE8D200D19B6933B0087FC6E /* Images */ = {
			isa = PBXGroup;
			children = (
				CE7FF9FE19EE9090004E11E6 /* plus.png */,
				CE0B1F3D19ED644100190DDE /* clouds.jpg */,
				CE0B1F3B19ED626E00190DDE /* footer_lodyas.png */,
				CEC12E7919C6DAA000358027 /* 20.jpg */,
				CE8D200B19B689F40087FC6E /* 19.jpg */,
				CE8D200E19B6936D0087FC6E /* edit_user-32.png */,
			);
			name = Images;
			sourceTree = "<group>";
		};
		CEBA236619B46D6F00436F01 = {
			isa = PBXGroup;
			children = (
				CEBA237819B46D6F00436F01 /* Italish Pizza */,
				CEBA239A19B46D6F00436F01 /* Italish PizzaTests */,
				CEBA237119B46D6F00436F01 /* Frameworks */,
				CEBA237019B46D6F00436F01 /* Products */,
			);
			sourceTree = "<group>";
		};
		CEBA237019B46D6F00436F01 /* Products */ = {
			isa = PBXGroup;
			children = (
				CEBA236F19B46D6F00436F01 /* Italish Pizza.app */,
				CEBA239319B46D6F00436F01 /* Italish PizzaTests.xctest */,
			);
			name = Products;
			sourceTree = "<group>";
		};
		CEBA237119B46D6F00436F01 /* Frameworks */ = {
			isa = PBXGroup;
			children = (
				CE7FFA9A19EE97ED004E11E6 /* libstdc++.dylib */,
				CE7FF9FC19EE8435004E11E6 /* QuartzCore.framework */,
				CE8D1FFE19B4A67A0087FC6E /* libsqlite3.dylib */,
				CEBA237219B46D6F00436F01 /* Foundation.framework */,
				CEBA237419B46D6F00436F01 /* CoreGraphics.framework */,
				CEBA237619B46D6F00436F01 /* UIKit.framework */,
				CEBA239419B46D6F00436F01 /* XCTest.framework */,
			);
			name = Frameworks;
			sourceTree = "<group>";
		};
		CEBA237819B46D6F00436F01 /* Italish Pizza */ = {
			isa = PBXGroup;
			children = (
				CE7FFAA419EF1C8C004E11E6 /* Helpers */,
				CE8D200D19B6933B0087FC6E /* Images */,
				CE8D200319B685230087FC6E /* Libraries */,
				CE8D1FF119B478C30087FC6E /* ViewControllers */,
				CEBA238119B46D6F00436F01 /* AppDelegate.h */,
				CEBA238219B46D6F00436F01 /* AppDelegate.m */,
				CEBA238419B46D6F00436F01 /* Main.storyboard */,
				CEBA238D19B46D6F00436F01 /* Images.xcassets */,
				CEBA237919B46D6F00436F01 /* Supporting Files */,
			);
			path = "Italish Pizza";
			sourceTree = "<group>";
		};
		CEBA237919B46D6F00436F01 /* Supporting Files */ = {
			isa = PBXGroup;
			children = (
				CEBA237A19B46D6F00436F01 /* Italish Pizza-Info.plist */,
				CEBA237B19B46D6F00436F01 /* InfoPlist.strings */,
				CEBA237E19B46D6F00436F01 /* main.m */,
				CEBA238019B46D6F00436F01 /* Italish Pizza-Prefix.pch */,
			);
			name = "Supporting Files";
			sourceTree = "<group>";
		};
		CEBA239A19B46D6F00436F01 /* Italish PizzaTests */ = {
			isa = PBXGroup;
			children = (
				CEBA23A019B46D6F00436F01 /* Italish_PizzaTests.m */,
				CEBA239B19B46D6F00436F01 /* Supporting Files */,
			);
			path = "Italish PizzaTests";
			sourceTree = "<group>";
		};
		CEBA239B19B46D6F00436F01 /* Supporting Files */ = {
			isa = PBXGroup;
			children = (
				CEBA239C19B46D6F00436F01 /* Italish PizzaTests-Info.plist */,
				CEBA239D19B46D6F00436F01 /* InfoPlist.strings */,
			);
			name = "Supporting Files";
			sourceTree = "<group>";
		};
/* End PBXGroup section */

/* Begin PBXNativeTarget section */
		CEBA236E19B46D6F00436F01 /* Italish Pizza */ = {
			isa = PBXNativeTarget;
			buildConfigurationList = CEBA23A419B46D6F00436F01 /* Build configuration list for PBXNativeTarget "Italish Pizza" */;
			buildPhases = (
				CEBA236B19B46D6F00436F01 /* Sources */,
				CEBA236C19B46D6F00436F01 /* Frameworks */,
				CEBA236D19B46D6F00436F01 /* Resources */,
			);
			buildRules = (
			);
			dependencies = (
			);
			name = "Italish Pizza";
			productName = "Italish Pizza";
			productReference = CEBA236F19B46D6F00436F01 /* Italish Pizza.app */;
			productType = "com.apple.product-type.application";
		};
		CEBA239219B46D6F00436F01 /* Italish PizzaTests */ = {
			isa = PBXNativeTarget;
			buildConfigurationList = CEBA23A719B46D6F00436F01 /* Build configuration list for PBXNativeTarget "Italish PizzaTests" */;
			buildPhases = (
				CEBA238F19B46D6F00436F01 /* Sources */,
				CEBA239019B46D6F00436F01 /* Frameworks */,
				CEBA239119B46D6F00436F01 /* Resources */,
			);
			buildRules = (
			);
			dependencies = (
				CEBA239919B46D6F00436F01 /* PBXTargetDependency */,
			);
			name = "Italish PizzaTests";
			productName = "Italish PizzaTests";
			productReference = CEBA239319B46D6F00436F01 /* Italish PizzaTests.xctest */;
			productType = "com.apple.product-type.bundle.unit-test";
		};
/* End PBXNativeTarget section */

/* Begin PBXProject section */
		CEBA236719B46D6F00436F01 /* Project object */ = {
			isa = PBXProject;
			attributes = {
				LastUpgradeCheck = 0510;
				ORGANIZATIONNAME = Saint;
				TargetAttributes = {
					CEBA239219B46D6F00436F01 = {
						TestTargetID = CEBA236E19B46D6F00436F01;
					};
				};
			};
			buildConfigurationList = CEBA236A19B46D6F00436F01 /* Build configuration list for PBXProject "Italish Pizza" */;
			compatibilityVersion = "Xcode 3.2";
			developmentRegion = English;
			hasScannedForEncodings = 0;
			knownRegions = (
				en,
				Base,
			);
			mainGroup = CEBA236619B46D6F00436F01;
			productRefGroup = CEBA237019B46D6F00436F01 /* Products */;
			projectDirPath = "";
			projectRoot = "";
			targets = (
				CEBA236E19B46D6F00436F01 /* Italish Pizza */,
				CEBA239219B46D6F00436F01 /* Italish PizzaTests */,
			);
		};
/* End PBXProject section */

/* Begin PBXResourcesBuildPhase section */
		CEBA236D19B46D6F00436F01 /* Resources */ = {
			isa = PBXResourcesBuildPhase;
			buildActionMask = 2147483647;
			files = (
				CE8D200F19B6936D0087FC6E /* edit_user-32.png in Resources */,
				CE0B1F3C19ED626E00190DDE /* footer_lodyas.png in Resources */,
				CE7FF9FF19EE9090004E11E6 /* plus.png in Resources */,
				CEBA238E19B46D6F00436F01 /* Images.xcassets in Resources */,
				CE0B1F3E19ED644100190DDE /* clouds.jpg in Resources */,
				CE8D200C19B689F40087FC6E /* 19.jpg in Resources */,
				CEBA237D19B46D6F00436F01 /* InfoPlist.strings in Resources */,
				CEBA238619B46D6F00436F01 /* Main.storyboard in Resources */,
				CEC12E7A19C6DAA000358027 /* 20.jpg in Resources */,
			);
			runOnlyForDeploymentPostprocessing = 0;
		};
		CEBA239119B46D6F00436F01 /* Resources */ = {
			isa = PBXResourcesBuildPhase;
			buildActionMask = 2147483647;
			files = (
				CEBA239F19B46D6F00436F01 /* InfoPlist.strings in Resources */,
			);
			runOnlyForDeploymentPostprocessing = 0;
		};
/* End PBXResourcesBuildPhase section */

/* Begin PBXSourcesBuildPhase section */
		CEBA236B19B46D6F00436F01 /* Sources */ = {
			isa = PBXSourcesBuildPhase;
			buildActionMask = 2147483647;
			files = (
				CE249CDC19F2A6090084861B /* PNCircleChart.m in Sources */,
				CE7FFA9419EE97B9004E11E6 /* POPLayerExtras.mm in Sources */,
				CE7FFA9719EE97B9004E11E6 /* POPSpringAnimation.mm in Sources */,
				CE7FFAA319EF1B4A004E11E6 /* StockViewController.m in Sources */,
				CE7FFA9819EE97B9004E11E6 /* POPVector.mm in Sources */,
				CE249CE819F2A72F0084861B /* UICountingLabel.m in Sources */,
				CE7FFAAA19F01AEB004E11E6 /* ProfileViewController.m in Sources */,
				CECC7F2619F129B000B4267F /* ConfirmViewController.m in Sources */,
				CE8D1FFC19B484550087FC6E /* DatabaseHelper.m in Sources */,
				CE0B1F4119ED83F700190DDE /* ManagementViewController.m in Sources */,
				CE7FFA8F19EE97B9004E11E6 /* POPBasicAnimation.mm in Sources */,
				CE7FFA0619EE955F004E11E6 /* VBFPopFlatButton.m in Sources */,
				CE8D1FF419B478D10087FC6E /* TabViewController.m in Sources */,
				CE249CD919F2A6090084861B /* PNBar.m in Sources */,
				CE249CDB19F2A6090084861B /* PNChartLabel.m in Sources */,
				CE7FFA9319EE97B9004E11E6 /* POPGeometry.mm in Sources */,
				CEBA238319B46D6F00436F01 /* AppDelegate.m in Sources */,
				CE249CDF19F2A6090084861B /* PNLineChartData.m in Sources */,
				CE249CE019F2A6090084861B /* PNLineChartDataItem.m in Sources */,
				CE249CDE19F2A6090084861B /* PNLineChart.m in Sources */,
				CE9B953219BCF5A10076293E /* BookingViewController.m in Sources */,
				CECC7F2019F0F03000B4267F /* CreateOrderViewController.m in Sources */,
				CE7FFA8919EE97B9004E11E6 /* POPAnimation.mm in Sources */,
				CE249CDD19F2A6090084861B /* PNColor.m in Sources */,
				CE7FFA0519EE955F004E11E6 /* VBFDoubleSegment.m in Sources */,
				CE7FFA9219EE97B9004E11E6 /* POPDecayAnimation.mm in Sources */,
				CE7FFA8E19EE97B9004E11E6 /* POPAnimator.mm in Sources */,
				CE7FF9FB19EE8351004E11E6 /* CustomerViewController.m in Sources */,
				CE7FFA8819EE97B9004E11E6 /* POPAnimatableProperty.mm in Sources */,
				CE249CE219F2A6090084861B /* PNPieChartDataItem.m in Sources */,
				CE249CDA19F2A6090084861B /* PNBarChart.m in Sources */,
				CE8D200219B66E5C0087FC6E /* UserViewController.m in Sources */,
				CE0B1F4719ED9BB800190DDE /* PendingOrdersViewController.m in Sources */,
				CE249CE519F2A6300084861B /* ReportViewController.m in Sources */,
				CE7FFA8D19EE97B9004E11E6 /* POPAnimationTracer.mm in Sources */,
				CE7FFA9019EE97B9004E11E6 /* POPCGUtils.mm in Sources */,
				CE7FFA9619EE97B9004E11E6 /* POPPropertyAnimation.mm in Sources */,
				CE7FFA9919EE97B9004E11E6 /* TransformationMatrix.cpp in Sources */,
				CE7FFA9519EE97B9004E11E6 /* POPMath.mm in Sources */,
				CEBA237F19B46D6F00436F01 /* main.m in Sources */,
				CE7FFAA719EF1CC1004E11E6 /* StockTableViewCell.m in Sources */,
				CE249CC119F251450084861B /* CreatBookingViewController.m in Sources */,
				CECC7F2919F12CB700B4267F /* ConfirmOrderTableViewCell.m in Sources */,
				CE249CED19F375890084861B /* TableSelectViewController.m in Sources */,
				CE7FFA8A19EE97B9004E11E6 /* POPAnimationEvent.mm in Sources */,
				CE0B1F4A19EDA06600190DDE /* PendingOrderCollectionViewCell.m in Sources */,
				CE7FFA8C19EE97B9004E11E6 /* POPAnimationRuntime.mm in Sources */,
				CE249CE119F2A6090084861B /* PNPieChart.m in Sources */,
				CECC7F2319F0F28300B4267F /* ItemCollectionViewCell.m in Sources */,
				CE7FFAA019EED5DC004E11E6 /* CustomerFormViewController.m in Sources */,
				CE8D1FF819B479A40087FC6E /* LoginViewController.m in Sources */,
				CE7FFA8B19EE97B9004E11E6 /* POPAnimationExtras.mm in Sources */,
				CE7FFA9119EE97B9004E11E6 /* POPCustomAnimation.mm in Sources */,
			);
			runOnlyForDeploymentPostprocessing = 0;
		};
		CEBA238F19B46D6F00436F01 /* Sources */ = {
			isa = PBXSourcesBuildPhase;
			buildActionMask = 2147483647;
			files = (
				CE8D1FFD19B484550087FC6E /* DatabaseHelper.m in Sources */,
				CE8D1FF519B478D10087FC6E /* TabViewController.m in Sources */,
				CEBA23A119B46D6F00436F01 /* Italish_PizzaTests.m in Sources */,
				CE8D1FF919B479A40087FC6E /* LoginViewController.m in Sources */,
			);
			runOnlyForDeploymentPostprocessing = 0;
		};
/* End PBXSourcesBuildPhase section */

/* Begin PBXTargetDependency section */
		CEBA239919B46D6F00436F01 /* PBXTargetDependency */ = {
			isa = PBXTargetDependency;
			target = CEBA236E19B46D6F00436F01 /* Italish Pizza */;
			targetProxy = CEBA239819B46D6F00436F01 /* PBXContainerItemProxy */;
		};
/* End PBXTargetDependency section */

/* Begin PBXVariantGroup section */
		CEBA237B19B46D6F00436F01 /* InfoPlist.strings */ = {
			isa = PBXVariantGroup;
			children = (
				CEBA237C19B46D6F00436F01 /* en */,
			);
			name = InfoPlist.strings;
			sourceTree = "<group>";
		};
		CEBA238419B46D6F00436F01 /* Main.storyboard */ = {
			isa = PBXVariantGroup;
			children = (
				CEBA238519B46D6F00436F01 /* Base */,
			);
			name = Main.storyboard;
			sourceTree = "<group>";
		};
		CEBA239D19B46D6F00436F01 /* InfoPlist.strings */ = {
			isa = PBXVariantGroup;
			children = (
				CEBA239E19B46D6F00436F01 /* en */,
			);
			name = InfoPlist.strings;
			sourceTree = "<group>";
		};
/* End PBXVariantGroup section */

/* Begin XCBuildConfiguration section */
		CEBA23A219B46D6F00436F01 /* Debug */ = {
			isa = XCBuildConfiguration;
			buildSettings = {
				ALWAYS_SEARCH_USER_PATHS = NO;
				CLANG_CXX_LANGUAGE_STANDARD = "gnu++0x";
				CLANG_CXX_LIBRARY = "libc++";
				CLANG_ENABLE_MODULES = YES;
				CLANG_ENABLE_OBJC_ARC = YES;
				CLANG_WARN_BOOL_CONVERSION = YES;
				CLANG_WARN_CONSTANT_CONVERSION = YES;
				CLANG_WARN_DIRECT_OBJC_ISA_USAGE = YES_ERROR;
				CLANG_WARN_EMPTY_BODY = YES;
				CLANG_WARN_ENUM_CONVERSION = YES;
				CLANG_WARN_INT_CONVERSION = YES;
				CLANG_WARN_OBJC_ROOT_CLASS = YES_ERROR;
				CLANG_WARN__DUPLICATE_METHOD_MATCH = YES;
				"CODE_SIGN_IDENTITY[sdk=iphoneos*]" = "iPhone Developer";
				COPY_PHASE_STRIP = NO;
				GCC_C_LANGUAGE_STANDARD = gnu99;
				GCC_DYNAMIC_NO_PIC = NO;
				GCC_OPTIMIZATION_LEVEL = 0;
				GCC_PREPROCESSOR_DEFINITIONS = (
					"DEBUG=1",
					"$(inherited)",
				);
				GCC_SYMBOLS_PRIVATE_EXTERN = NO;
				GCC_WARN_64_TO_32_BIT_CONVERSION = YES;
				GCC_WARN_ABOUT_RETURN_TYPE = YES_ERROR;
				GCC_WARN_UNDECLARED_SELECTOR = YES;
				GCC_WARN_UNINITIALIZED_AUTOS = YES_AGGRESSIVE;
				GCC_WARN_UNUSED_FUNCTION = YES;
				GCC_WARN_UNUSED_VARIABLE = YES;
				IPHONEOS_DEPLOYMENT_TARGET = 7.1;
				ONLY_ACTIVE_ARCH = YES;
				SDKROOT = iphoneos;
				TARGETED_DEVICE_FAMILY = 2;
			};
			name = Debug;
		};
		CEBA23A319B46D6F00436F01 /* Release */ = {
			isa = XCBuildConfiguration;
			buildSettings = {
				ALWAYS_SEARCH_USER_PATHS = NO;
				CLANG_CXX_LANGUAGE_STANDARD = "gnu++0x";
				CLANG_CXX_LIBRARY = "libc++";
				CLANG_ENABLE_MODULES = YES;
				CLANG_ENABLE_OBJC_ARC = YES;
				CLANG_WARN_BOOL_CONVERSION = YES;
				CLANG_WARN_CONSTANT_CONVERSION = YES;
				CLANG_WARN_DIRECT_OBJC_ISA_USAGE = YES_ERROR;
				CLANG_WARN_EMPTY_BODY = YES;
				CLANG_WARN_ENUM_CONVERSION = YES;
				CLANG_WARN_INT_CONVERSION = YES;
				CLANG_WARN_OBJC_ROOT_CLASS = YES_ERROR;
				CLANG_WARN__DUPLICATE_METHOD_MATCH = YES;
				"CODE_SIGN_IDENTITY[sdk=iphoneos*]" = "iPhone Developer";
				COPY_PHASE_STRIP = YES;
				ENABLE_NS_ASSERTIONS = NO;
				GCC_C_LANGUAGE_STANDARD = gnu99;
				GCC_WARN_64_TO_32_BIT_CONVERSION = YES;
				GCC_WARN_ABOUT_RETURN_TYPE = YES_ERROR;
				GCC_WARN_UNDECLARED_SELECTOR = YES;
				GCC_WARN_UNINITIALIZED_AUTOS = YES_AGGRESSIVE;
				GCC_WARN_UNUSED_FUNCTION = YES;
				GCC_WARN_UNUSED_VARIABLE = YES;
				IPHONEOS_DEPLOYMENT_TARGET = 7.1;
				SDKROOT = iphoneos;
				TARGETED_DEVICE_FAMILY = 2;
				VALIDATE_PRODUCT = YES;
			};
			name = Release;
		};
		CEBA23A519B46D6F00436F01 /* Debug */ = {
			isa = XCBuildConfiguration;
			buildSettings = {
				ASSETCATALOG_COMPILER_APPICON_NAME = AppIcon;
				ASSETCATALOG_COMPILER_LAUNCHIMAGE_NAME = LaunchImage;
				GCC_PRECOMPILE_PREFIX_HEADER = YES;
				GCC_PREFIX_HEADER = "Italish Pizza/Italish Pizza-Prefix.pch";
				INFOPLIST_FILE = "Italish Pizza/Italish Pizza-Info.plist";
				IPHONEOS_DEPLOYMENT_TARGET = 8.0;
				PRODUCT_NAME = "$(TARGET_NAME)";
				WRAPPER_EXTENSION = app;
			};
			name = Debug;
		};
		CEBA23A619B46D6F00436F01 /* Release */ = {
			isa = XCBuildConfiguration;
			buildSettings = {
				ASSETCATALOG_COMPILER_APPICON_NAME = AppIcon;
				ASSETCATALOG_COMPILER_LAUNCHIMAGE_NAME = LaunchImage;
				GCC_PRECOMPILE_PREFIX_HEADER = YES;
				GCC_PREFIX_HEADER = "Italish Pizza/Italish Pizza-Prefix.pch";
				INFOPLIST_FILE = "Italish Pizza/Italish Pizza-Info.plist";
				IPHONEOS_DEPLOYMENT_TARGET = 8.0;
				PRODUCT_NAME = "$(TARGET_NAME)";
				WRAPPER_EXTENSION = app;
			};
			name = Release;
		};
		CEBA23A819B46D6F00436F01 /* Debug */ = {
			isa = XCBuildConfiguration;
			buildSettings = {
				BUNDLE_LOADER = "$(BUILT_PRODUCTS_DIR)/Italish Pizza.app/Italish Pizza";
				FRAMEWORK_SEARCH_PATHS = (
					"$(SDKROOT)/Developer/Library/Frameworks",
					"$(inherited)",
					"$(DEVELOPER_FRAMEWORKS_DIR)",
				);
				GCC_PRECOMPILE_PREFIX_HEADER = YES;
				GCC_PREFIX_HEADER = "Italish Pizza/Italish Pizza-Prefix.pch";
				GCC_PREPROCESSOR_DEFINITIONS = (
					"DEBUG=1",
					"$(inherited)",
				);
				INFOPLIST_FILE = "Italish PizzaTests/Italish PizzaTests-Info.plist";
				PRODUCT_NAME = "$(TARGET_NAME)";
				TEST_HOST = "$(BUNDLE_LOADER)";
				WRAPPER_EXTENSION = xctest;
			};
			name = Debug;
		};
		CEBA23A919B46D6F00436F01 /* Release */ = {
			isa = XCBuildConfiguration;
			buildSettings = {
				BUNDLE_LOADER = "$(BUILT_PRODUCTS_DIR)/Italish Pizza.app/Italish Pizza";
				FRAMEWORK_SEARCH_PATHS = (
					"$(SDKROOT)/Developer/Library/Frameworks",
					"$(inherited)",
					"$(DEVELOPER_FRAMEWORKS_DIR)",
				);
				GCC_PRECOMPILE_PREFIX_HEADER = YES;
				GCC_PREFIX_HEADER = "Italish Pizza/Italish Pizza-Prefix.pch";
				INFOPLIST_FILE = "Italish PizzaTests/Italish PizzaTests-Info.plist";
				PRODUCT_NAME = "$(TARGET_NAME)";
				TEST_HOST = "$(BUNDLE_LOADER)";
				WRAPPER_EXTENSION = xctest;
			};
			name = Release;
		};
/* End XCBuildConfiguration section */

/* Begin XCConfigurationList section */
		CEBA236A19B46D6F00436F01 /* Build configuration list for PBXProject "Italish Pizza" */ = {
			isa = XCConfigurationList;
			buildConfigurations = (
				CEBA23A219B46D6F00436F01 /* Debug */,
				CEBA23A319B46D6F00436F01 /* Release */,
			);
			defaultConfigurationIsVisible = 0;
			defaultConfigurationName = Release;
		};
		CEBA23A419B46D6F00436F01 /* Build configuration list for PBXNativeTarget "Italish Pizza" */ = {
			isa = XCConfigurationList;
			buildConfigurations = (
				CEBA23A519B46D6F00436F01 /* Debug */,
				CEBA23A619B46D6F00436F01 /* Release */,
			);
			defaultConfigurationIsVisible = 0;
			defaultConfigurationName = Release;
		};
		CEBA23A719B46D6F00436F01 /* Build configuration list for PBXNativeTarget "Italish PizzaTests" */ = {
			isa = XCConfigurationList;
			buildConfigurations = (
				CEBA23A819B46D6F00436F01 /* Debug */,
				CEBA23A919B46D6F00436F01 /* Release */,
			);
			defaultConfigurationIsVisible = 0;
			defaultConfigurationName = Release;
		};
/* End XCConfigurationList section */
	};
	rootObject = CEBA236719B46D6F00436F01 /* Project object */;
}
